
Microsoft Visual Studio Solution File, Format Version 12.00
# Visual Studio Version 17
VisualStudioVersion = 17.0.32014.148
MinimumVisualStudioVersion = 10.0.40219.1
Project("{FAE04EC0-301F-11D3-BF4B-00C04F79EFBC}") = "DesignPatterns", "DesignPatterns.csproj", "{AF72BE00-CAAB-4F1F-A6DC-F085087B0FED}"
EndProject
Global
	GlobalSection(SolutionConfigurationPlatforms) = preSolution
		Debug|Any CPU = Debug|Any CPU
		Release|Any CPU = Release|Any CPU
	EndGlobalSection
	GlobalSection(ProjectConfigurationPlatforms) = postSolution
		{AF72BE00-CAAB-4F1F-A6DC-F085087B0FED}.Debug|Any CPU.ActiveCfg = Debug|Any CPU
		{AF72BE00-CAAB-4F1F-A6DC-F085087B0FED}.Debug|Any CPU.Build.0 = Debug|Any CPU
		{AF72BE00-CAAB-4F1F-A6DC-F085087B0FED}.Release|Any CPU.ActiveCfg = Release|Any CPU
		{AF72BE00-CAAB-4F1F-A6DC-F085087B0FED}.Release|Any CPU.Build.0 = Release|Any CPU
	EndGlobalSection
	GlobalSection(SolutionProperties) = preSolution
		HideSolutionNode = FALSE
	EndGlobalSection
	GlobalSection(ExtensibilityGlobals) = postSolution
		SolutionGuid = {2F1587C1-F296-48EB-ADEA-FCD8886034BF}
	EndGlobalSection
EndGlobal
